
Microsoft Visual Studio Solution File, Format Version 12.00
# Visual Studio 15
VisualStudioVersion = 15.0.27130.2010
MinimumVisualStudioVersion = 10.0.40219.1
Project("{FAE04EC0-301F-11D3-BF4B-00C04F79EFBC}") = "fs-cockpit-2", "fs-cockpit-2\fs-cockpit-2.csproj", "{52710D42-8826-4496-B806-3DF57D9A151A}"
EndProject
Global
	GlobalSection(SolutionConfigurationPlatforms) = preSolution
		Debug|Any CPU = Debug|Any CPU
		Release|Any CPU = Release|Any CPU
	EndGlobalSection
	GlobalSection(ProjectConfigurationPlatforms) = postSolution
		{52710D42-8826-4496-B806-3DF57D9A151A}.Debug|Any CPU.ActiveCfg = Debug|Any CPU
		{52710D42-8826-4496-B806-3DF57D9A151A}.Debug|Any CPU.Build.0 = Debug|Any CPU
		{52710D42-8826-4496-B806-3DF57D9A151A}.Release|Any CPU.ActiveCfg = Release|Any CPU
		{52710D42-8826-4496-B806-3DF57D9A151A}.Release|Any CPU.Build.0 = Release|Any CPU
	EndGlobalSection
	GlobalSection(SolutionProperties) = preSolution
		HideSolutionNode = FALSE
	EndGlobalSection
	GlobalSection(ExtensibilityGlobals) = postSolution
		SolutionGuid = {FB020E5B-7EA5-4632-984E-49D9695C2577}
	EndGlobalSection
EndGlobal
